
Microsoft Visual Studio Solution File, Format Version 12.00
# Visual Studio Version 17
VisualStudioVersion = 17.14.37216.2 d17.14
MinimumVisualStudioVersion = 10.0.40219.1
Project("{FAE04EC0-301F-11D3-BF4B-00C04F79EFBC}") = "ShootNBunny", "ShootNBunny\ShootNBunny.csproj", "{F2788B05-36CB-4732-88FC-43A2754ADB03}"
EndProject
Global
	GlobalSection(SolutionConfigurationPlatforms) = preSolution
		Debug|Any CPU = Debug|Any CPU
		Release|Any CPU = Release|Any CPU
	EndGlobalSection
	GlobalSection(ProjectConfigurationPlatforms) = postSolution
		{F2788B05-36CB-4732-88FC-43A2754ADB03}.Debug|Any CPU.ActiveCfg = Debug|Any CPU
		{F2788B05-36CB-4732-88FC-43A2754ADB03}.Debug|Any CPU.Build.0 = Debug|Any CPU
		{F2788B05-36CB-4732-88FC-43A2754ADB03}.Release|Any CPU.ActiveCfg = Release|Any CPU
		{F2788B05-36CB-4732-88FC-43A2754ADB03}.Release|Any CPU.Build.0 = Release|Any CPU
	EndGlobalSection
	GlobalSection(SolutionProperties) = preSolution
		HideSolutionNode = FALSE
	EndGlobalSection
	GlobalSection(ExtensibilityGlobals) = postSolution
		SolutionGuid = {B155269F-BE9D-469F-8D83-9512AE22E534}
	EndGlobalSection
EndGlobal
